// !$*UTF8*$!
{
	archiveVersion = 1;
	classes = {
	};
	objectVersion = 56;
	objects = {

/* Begin PBXBuildFile section */
		2303E0D629B297BA00775074 /* HeaderProfilesView.swift in Sources */ = {isa = PBXBuildFile; fileRef = 2303E0D529B297BA00775074 /* HeaderProfilesView.swift */; };
		233F31E929B3E9F300CA060C /* PresentingCardView.swift in Sources */ = {isa = PBXBuildFile; fileRef = 233F31E829B3E9F300CA060C /* PresentingCardView.swift */; };
		233F31EC29B3F4E300CA060C /* GlassmorphismEffect.swift in Sources */ = {isa = PBXBuildFile; fileRef = 233F31EB29B3F4E300CA060C /* GlassmorphismEffect.swift */; };
		236D243C29B5D14C000E06B4 /* HEXColor.swift in Sources */ = {isa = PBXBuildFile; fileRef = 236D243B29B5D14C000E06B4 /* HEXColor.swift */; };
		236D243F29B5E05C000E06B4 /* Kingfisher in Frameworks */ = {isa = PBXBuildFile; productRef = 236D243E29B5E05C000E06B4 /* Kingfisher */; };
		236D244129B5E8C9000E06B4 /* AppUser.swift in Sources */ = {isa = PBXBuildFile; fileRef = 236D244029B5E8C9000E06B4 /* AppUser.swift */; };
		239CEEE929B35D3300A78DEA /* AddCardView.swift in Sources */ = {isa = PBXBuildFile; fileRef = 239CEEE829B35D3300A78DEA /* AddCardView.swift */; };
		239D0BF829B4D2E3000017E0 /* GoogleService-Info.plist in Resources */ = {isa = PBXBuildFile; fileRef = 239D0BF729B4D2E3000017E0 /* GoogleService-Info.plist */; };
		239D0BFB29B4D362000017E0 /* FirebaseAuth in Frameworks */ = {isa = PBXBuildFile; productRef = 239D0BFA29B4D362000017E0 /* FirebaseAuth */; };
		239D0BFD29B4D362000017E0 /* FirebaseFirestore in Frameworks */ = {isa = PBXBuildFile; productRef = 239D0BFC29B4D362000017E0 /* FirebaseFirestore */; };
		239D0BFF29B4D362000017E0 /* FirebaseStorage in Frameworks */ = {isa = PBXBuildFile; productRef = 239D0BFE29B4D362000017E0 /* FirebaseStorage */; };
		239D0C0129B4D3F3000017E0 /* Login.swift in Sources */ = {isa = PBXBuildFile; fileRef = 239D0C0029B4D3F3000017E0 /* Login.swift */; };
		239D0C0329B4D3F9000017E0 /* Register.swift in Sources */ = {isa = PBXBuildFile; fileRef = 239D0C0229B4D3F9000017E0 /* Register.swift */; };
		239D0C0529B4D431000017E0 /* AuthViewModel.swift in Sources */ = {isa = PBXBuildFile; fileRef = 239D0C0429B4D431000017E0 /* AuthViewModel.swift */; };
		239D0C0729B4D58A000017E0 /* CustomInputView.swift in Sources */ = {isa = PBXBuildFile; fileRef = 239D0C0629B4D58A000017E0 /* CustomInputView.swift */; };
		239D0C0929B4D5C3000017E0 /* CustomTextField.swift in Sources */ = {isa = PBXBuildFile; fileRef = 239D0C0829B4D5C3000017E0 /* CustomTextField.swift */; };
		239D0C0B29B4DC58000017E0 /* OnboardingView.swift in Sources */ = {isa = PBXBuildFile; fileRef = 239D0C0A29B4DC58000017E0 /* OnboardingView.swift */; };
		23BA250A29B25392005E9022 /* DepixenCaseStudyApp.swift in Sources */ = {isa = PBXBuildFile; fileRef = 23BA250929B25392005E9022 /* DepixenCaseStudyApp.swift */; };
		23BA250C29B25392005E9022 /* ContentView.swift in Sources */ = {isa = PBXBuildFile; fileRef = 23BA250B29B25392005E9022 /* ContentView.swift */; };
		23BA250E29B25393005E9022 /* Assets.xcassets in Resources */ = {isa = PBXBuildFile; fileRef = 23BA250D29B25393005E9022 /* Assets.xcassets */; };
		23BA251229B25393005E9022 /* Preview Assets.xcassets in Resources */ = {isa = PBXBuildFile; fileRef = 23BA251129B25393005E9022 /* Preview Assets.xcassets */; };
		23BA251F29B2542F005E9022 /* Home.swift in Sources */ = {isa = PBXBuildFile; fileRef = 23BA251E29B2542F005E9022 /* Home.swift */; };
		23BA252329B254C5005E9022 /* Settings.swift in Sources */ = {isa = PBXBuildFile; fileRef = 23BA252229B254C5005E9022 /* Settings.swift */; };
		23BA252529B254CE005E9022 /* TabManager.swift in Sources */ = {isa = PBXBuildFile; fileRef = 23BA252429B254CE005E9022 /* TabManager.swift */; };
		23BA252729B255D9005E9022 /* Tabs.swift in Sources */ = {isa = PBXBuildFile; fileRef = 23BA252629B255D9005E9022 /* Tabs.swift */; };
		23BA252929B25627005E9022 /* NavigationViewModel.swift in Sources */ = {isa = PBXBuildFile; fileRef = 23BA252829B25627005E9022 /* NavigationViewModel.swift */; };
		23BA252B29B25B18005E9022 /* GridChoices.swift in Sources */ = {isa = PBXBuildFile; fileRef = 23BA252A29B25B18005E9022 /* GridChoices.swift */; };
		23BA252D29B25E70005E9022 /* CardView.swift in Sources */ = {isa = PBXBuildFile; fileRef = 23BA252C29B25E70005E9022 /* CardView.swift */; };
		23BA252F29B25E7D005E9022 /* CardItem.swift in Sources */ = {isa = PBXBuildFile; fileRef = 23BA252E29B25E7D005E9022 /* CardItem.swift */; };
/* End PBXBuildFile section */

/* Begin PBXFileReference section */
		2303E0D529B297BA00775074 /* HeaderProfilesView.swift */ = {isa = PBXFileReference; lastKnownFileType = sourcecode.swift; path = HeaderProfilesView.swift; sourceTree = "<group>"; };
		233F31E829B3E9F300CA060C /* PresentingCardView.swift */ = {isa = PBXFileReference; lastKnownFileType = sourcecode.swift; path = PresentingCardView.swift; sourceTree = "<group>"; };
		233F31EB29B3F4E300CA060C /* GlassmorphismEffect.swift */ = {isa = PBXFileReference; lastKnownFileType = sourcecode.swift; path = GlassmorphismEffect.swift; sourceTree = "<group>"; };
		236D243B29B5D14C000E06B4 /* HEXColor.swift */ = {isa = PBXFileReference; lastKnownFileType = sourcecode.swift; path = HEXColor.swift; sourceTree = "<group>"; };
		236D244029B5E8C9000E06B4 /* AppUser.swift */ = {isa = PBXFileReference; lastKnownFileType = sourcecode.swift; path = AppUser.swift; sourceTree = "<group>"; };
		239CEEE829B35D3300A78DEA /* AddCardView.swift */ = {isa = PBXFileReference; lastKnownFileType = sourcecode.swift; path = AddCardView.swift; sourceTree = "<group>"; };
		239D0BF729B4D2E3000017E0 /* GoogleService-Info.plist */ = {isa = PBXFileReference; fileEncoding = 4; lastKnownFileType = text.plist.xml; path = "GoogleService-Info.plist"; sourceTree = "<group>"; };
		239D0C0029B4D3F3000017E0 /* Login.swift */ = {isa = PBXFileReference; lastKnownFileType = sourcecode.swift; path = Login.swift; sourceTree = "<group>"; };
		239D0C0229B4D3F9000017E0 /* Register.swift */ = {isa = PBXFileReference; lastKnownFileType = sourcecode.swift; path = Register.swift; sourceTree = "<group>"; };
		239D0C0429B4D431000017E0 /* AuthViewModel.swift */ = {isa = PBXFileReference; lastKnownFileType = sourcecode.swift; path = AuthViewModel.swift; sourceTree = "<group>"; };
		239D0C0629B4D58A000017E0 /* CustomInputView.swift */ = {isa = PBXFileReference; lastKnownFileType = sourcecode.swift; path = CustomInputView.swift; sourceTree = "<group>"; };
		239D0C0829B4D5C3000017E0 /* CustomTextField.swift */ = {isa = PBXFileReference; lastKnownFileType = sourcecode.swift; path = CustomTextField.swift; sourceTree = "<group>"; };
		239D0C0A29B4DC58000017E0 /* OnboardingView.swift */ = {isa = PBXFileReference; lastKnownFileType = sourcecode.swift; path = OnboardingView.swift; sourceTree = "<group>"; };
		23BA250629B25392005E9022 /* DepixenCaseStudy.app */ = {isa = PBXFileReference; explicitFileType = wrapper.application; includeInIndex = 0; path = DepixenCaseStudy.app; sourceTree = BUILT_PRODUCTS_DIR; };
		23BA250929B25392005E9022 /* DepixenCaseStudyApp.swift */ = {isa = PBXFileReference; lastKnownFileType = sourcecode.swift; path = DepixenCaseStudyApp.swift; sourceTree = "<group>"; };
		23BA250B29B25392005E9022 /* ContentView.swift */ = {isa = PBXFileReference; lastKnownFileType = sourcecode.swift; path = ContentView.swift; sourceTree = "<group>"; };
		23BA250D29B25393005E9022 /* Assets.xcassets */ = {isa = PBXFileReference; lastKnownFileType = folder.assetcatalog; path = Assets.xcassets; sourceTree = "<group>"; };
		23BA250F29B25393005E9022 /* DepixenCaseStudy.entitlements */ = {isa = PBXFileReference; lastKnownFileType = text.plist.entitlements; path = DepixenCaseStudy.entitlements; sourceTree = "<group>"; };
		23BA251129B25393005E9022 /* Preview Assets.xcassets */ = {isa = PBXFileReference; lastKnownFileType = folder.assetcatalog; path = "Preview Assets.xcassets"; sourceTree = "<group>"; };
		23BA251E29B2542F005E9022 /* Home.swift */ = {isa = PBXFileReference; lastKnownFileType = sourcecode.swift; path = Home.swift; sourceTree = "<group>"; };
		23BA252229B254C5005E9022 /* Settings.swift */ = {isa = PBXFileReference; lastKnownFileType = sourcecode.swift; path = Settings.swift; sourceTree = "<group>"; };
		23BA252429B254CE005E9022 /* TabManager.swift */ = {isa = PBXFileReference; lastKnownFileType = sourcecode.swift; path = TabManager.swift; sourceTree = "<group>"; };
		23BA252629B255D9005E9022 /* Tabs.swift */ = {isa = PBXFileReference; lastKnownFileType = sourcecode.swift; path = Tabs.swift; sourceTree = "<group>"; };
		23BA252829B25627005E9022 /* NavigationViewModel.swift */ = {isa = PBXFileReference; lastKnownFileType = sourcecode.swift; path = NavigationViewModel.swift; sourceTree = "<group>"; };
		23BA252A29B25B18005E9022 /* GridChoices.swift */ = {isa = PBXFileReference; lastKnownFileType = sourcecode.swift; path = GridChoices.swift; sourceTree = "<group>"; };
		23BA252C29B25E70005E9022 /* CardView.swift */ = {isa = PBXFileReference; lastKnownFileType = sourcecode.swift; path = CardView.swift; sourceTree = "<group>"; };
		23BA252E29B25E7D005E9022 /* CardItem.swift */ = {isa = PBXFileReference; lastKnownFileType = sourcecode.swift; path = CardItem.swift; sourceTree = "<group>"; };
/* End PBXFileReference section */

/* Begin PBXFrameworksBuildPhase section */
		23BA250329B25392005E9022 /* Frameworks */ = {
			isa = PBXFrameworksBuildPhase;
			buildActionMask = 2147483647;
			files = (
				236D243F29B5E05C000E06B4 /* Kingfisher in Frameworks */,
				239D0BFB29B4D362000017E0 /* FirebaseAuth in Frameworks */,
				239D0BFD29B4D362000017E0 /* FirebaseFirestore in Frameworks */,
				239D0BFF29B4D362000017E0 /* FirebaseStorage in Frameworks */,
			);
			runOnlyForDeploymentPostprocessing = 0;
		};
/* End PBXFrameworksBuildPhase section */

/* Begin PBXGroup section */
		233F31EA29B3F4CC00CA060C /* Extensions */ = {
			isa = PBXGroup;
			children = (
				233F31EB29B3F4E300CA060C /* GlassmorphismEffect.swift */,
				236D243B29B5D14C000E06B4 /* HEXColor.swift */,
			);
			path = Extensions;
			sourceTree = "<group>";
		};
		23BA24FD29B25392005E9022 = {
			isa = PBXGroup;
			children = (
				23BA250829B25392005E9022 /* DepixenCaseStudy */,
				23BA250729B25392005E9022 /* Products */,
			);
			sourceTree = "<group>";
		};
		23BA250729B25392005E9022 /* Products */ = {
			isa = PBXGroup;
			children = (
				23BA250629B25392005E9022 /* DepixenCaseStudy.app */,
			);
			name = Products;
			sourceTree = "<group>";
		};
		23BA250829B25392005E9022 /* DepixenCaseStudy */ = {
			isa = PBXGroup;
			children = (
				233F31EA29B3F4CC00CA060C /* Extensions */,
				23BA251B29B253B5005E9022 /* Utils */,
				23BA251A29B253B3005E9022 /* Model */,
				23BA251929B253B0005E9022 /* ViewModel */,
				23BA251829B253AD005E9022 /* View */,
				23BA250929B25392005E9022 /* DepixenCaseStudyApp.swift */,
				23BA250B29B25392005E9022 /* ContentView.swift */,
				23BA250D29B25393005E9022 /* Assets.xcassets */,
				23BA250F29B25393005E9022 /* DepixenCaseStudy.entitlements */,
				239D0BF729B4D2E3000017E0 /* GoogleService-Info.plist */,
				23BA251029B25393005E9022 /* Preview Content */,
			);
			path = DepixenCaseStudy;
			sourceTree = "<group>";
		};
		23BA251029B25393005E9022 /* Preview Content */ = {
			isa = PBXGroup;
			children = (
				23BA251129B25393005E9022 /* Preview Assets.xcassets */,
			);
			path = "Preview Content";
			sourceTree = "<group>";
		};
		23BA251829B253AD005E9022 /* View */ = {
			isa = PBXGroup;
			children = (
				23BA252429B254CE005E9022 /* TabManager.swift */,
				23BA251C29B2540C005E9022 /* Main */,
				23BA251D29B2540F005E9022 /* Auth */,
			);
			path = View;
			sourceTree = "<group>";
		};
		23BA251929B253B0005E9022 /* ViewModel */ = {
			isa = PBXGroup;
			children = (
				23BA252829B25627005E9022 /* NavigationViewModel.swift */,
				239D0C0429B4D431000017E0 /* AuthViewModel.swift */,
			);
			path = ViewModel;
			sourceTree = "<group>";
		};
		23BA251A29B253B3005E9022 /* Model */ = {
			isa = PBXGroup;
			children = (
				23BA252629B255D9005E9022 /* Tabs.swift */,
				23BA252A29B25B18005E9022 /* GridChoices.swift */,
				23BA252E29B25E7D005E9022 /* CardItem.swift */,
				236D244029B5E8C9000E06B4 /* AppUser.swift */,
			);
			path = Model;
			sourceTree = "<group>";
		};
		23BA251B29B253B5005E9022 /* Utils */ = {
			isa = PBXGroup;
			children = (
				23BA252C29B25E70005E9022 /* CardView.swift */,
				233F31E829B3E9F300CA060C /* PresentingCardView.swift */,
				2303E0D529B297BA00775074 /* HeaderProfilesView.swift */,
				239D0C0629B4D58A000017E0 /* CustomInputView.swift */,
				239D0C0829B4D5C3000017E0 /* CustomTextField.swift */,
			);
			path = Utils;
			sourceTree = "<group>";
		};
		23BA251C29B2540C005E9022 /* Main */ = {
			isa = PBXGroup;
			children = (
				23BA251E29B2542F005E9022 /* Home.swift */,
				239CEEE829B35D3300A78DEA /* AddCardView.swift */,
				23BA252229B254C5005E9022 /* Settings.swift */,
			);
			path = Main;
			sourceTree = "<group>";
		};
		23BA251D29B2540F005E9022 /* Auth */ = {
			isa = PBXGroup;
			children = (
				239D0C0029B4D3F3000017E0 /* Login.swift */,
				239D0C0229B4D3F9000017E0 /* Register.swift */,
				239D0C0A29B4DC58000017E0 /* OnboardingView.swift */,
			);
			path = Auth;
			sourceTree = "<group>";
		};
/* End PBXGroup section */

/* Begin PBXNativeTarget section */
		23BA250529B25392005E9022 /* DepixenCaseStudy */ = {
			isa = PBXNativeTarget;
			buildConfigurationList = 23BA251529B25393005E9022 /* Build configuration list for PBXNativeTarget "DepixenCaseStudy" */;
			buildPhases = (
				23BA250229B25392005E9022 /* Sources */,
				23BA250329B25392005E9022 /* Frameworks */,
				23BA250429B25392005E9022 /* Resources */,
			);
			buildRules = (
			);
			dependencies = (
			);
			name = DepixenCaseStudy;
			packageProductDependencies = (
				239D0BFA29B4D362000017E0 /* FirebaseAuth */,
				239D0BFC29B4D362000017E0 /* FirebaseFirestore */,
				239D0BFE29B4D362000017E0 /* FirebaseStorage */,
				236D243E29B5E05C000E06B4 /* Kingfisher */,
			);
			productName = DepixenCaseStudy;
			productReference = 23BA250629B25392005E9022 /* DepixenCaseStudy.app */;
			productType = "com.apple.product-type.application";
		};
/* End PBXNativeTarget section */

/* Begin PBXProject section */
		23BA24FE29B25392005E9022 /* Project object */ = {
			isa = PBXProject;
			attributes = {
				BuildIndependentTargetsInParallel = 1;
				LastSwiftUpdateCheck = 1410;
				LastUpgradeCheck = 1410;
				TargetAttributes = {
					23BA250529B25392005E9022 = {
						CreatedOnToolsVersion = 14.1;
					};
				};
			};
			buildConfigurationList = 23BA250129B25392005E9022 /* Build configuration list for PBXProject "DepixenCaseStudy" */;
			compatibilityVersion = "Xcode 14.0";
			developmentRegion = en;
			hasScannedForEncodings = 0;
			knownRegions = (
				en,
				Base,
			);
			mainGroup = 23BA24FD29B25392005E9022;
			packageReferences = (
				239D0BF929B4D362000017E0 /* XCRemoteSwiftPackageReference "firebase-ios-sdk" */,
				236D243D29B5E05C000E06B4 /* XCRemoteSwiftPackageReference "Kingfisher" */,
			);
			productRefGroup = 23BA250729B25392005E9022 /* Products */;
			projectDirPath = "";
			projectRoot = "";
			targets = (
				23BA250529B25392005E9022 /* DepixenCaseStudy */,
			);
		};
/* End PBXProject section */

/* Begin PBXResourcesBuildPhase section */
		23BA250429B25392005E9022 /* Resources */ = {
			isa = PBXResourcesBuildPhase;
			buildActionMask = 2147483647;
			files = (
				23BA251229B25393005E9022 /* Preview Assets.xcassets in Resources */,
				23BA250E29B25393005E9022 /* Assets.xcassets in Resources */,
				239D0BF829B4D2E3000017E0 /* GoogleService-Info.plist in Resources */,
			);
			runOnlyForDeploymentPostprocessing = 0;
		};
/* End PBXResourcesBuildPhase section */

/* Begin PBXSourcesBuildPhase section */
		23BA250229B25392005E9022 /* Sources */ = {
			isa = PBXSourcesBuildPhase;
			buildActionMask = 2147483647;
			files = (
				23BA252B29B25B18005E9022 /* GridChoices.swift in Sources */,
				23BA252D29B25E70005E9022 /* CardView.swift in Sources */,
				233F31E929B3E9F300CA060C /* PresentingCardView.swift in Sources */,
				239CEEE929B35D3300A78DEA /* AddCardView.swift in Sources */,
				233F31EC29B3F4E300CA060C /* GlassmorphismEffect.swift in Sources */,
				239D0C0929B4D5C3000017E0 /* CustomTextField.swift in Sources */,
				23BA252F29B25E7D005E9022 /* CardItem.swift in Sources */,
				239D0C0129B4D3F3000017E0 /* Login.swift in Sources */,
				239D0C0529B4D431000017E0 /* AuthViewModel.swift in Sources */,
				23BA252529B254CE005E9022 /* TabManager.swift in Sources */,
				23BA250C29B25392005E9022 /* ContentView.swift in Sources */,
				23BA251F29B2542F005E9022 /* Home.swift in Sources */,
				23BA252929B25627005E9022 /* NavigationViewModel.swift in Sources */,
				236D243C29B5D14C000E06B4 /* HEXColor.swift in Sources */,
				236D244129B5E8C9000E06B4 /* AppUser.swift in Sources */,
				239D0C0B29B4DC58000017E0 /* OnboardingView.swift in Sources */,
				23BA252329B254C5005E9022 /* Settings.swift in Sources */,
				23BA250A29B25392005E9022 /* DepixenCaseStudyApp.swift in Sources */,
				239D0C0729B4D58A000017E0 /* CustomInputView.swift in Sources */,
				23BA252729B255D9005E9022 /* Tabs.swift in Sources */,
				239D0C0329B4D3F9000017E0 /* Register.swift in Sources */,
				2303E0D629B297BA00775074 /* HeaderProfilesView.swift in Sources */,
			);
			runOnlyForDeploymentPostprocessing = 0;
		};
/* End PBXSourcesBuildPhase section */

/* Begin XCBuildConfiguration section */
		23BA251329B25393005E9022 /* Debug */ = {
			isa = XCBuildConfiguration;
			buildSettings = {
				ALWAYS_SEARCH_USER_PATHS = NO;
				CLANG_ANALYZER_NONNULL = YES;
				CLANG_ANALYZER_NUMBER_OBJECT_CONVERSION = YES_AGGRESSIVE;
				CLANG_CXX_LANGUAGE_STANDARD = "gnu++20";
				CLANG_ENABLE_MODULES = YES;
				CLANG_ENABLE_OBJC_ARC = YES;
				CLANG_ENABLE_OBJC_WEAK = YES;
				CLANG_WARN_BLOCK_CAPTURE_AUTORELEASING = YES;
				CLANG_WARN_BOOL_CONVERSION = YES;
				CLANG_WARN_COMMA = YES;
				CLANG_WARN_CONSTANT_CONVERSION = YES;
				CLANG_WARN_DEPRECATED_OBJC_IMPLEMENTATIONS = YES;
				CLANG_WARN_DIRECT_OBJC_ISA_USAGE = YES_ERROR;
				CLANG_WARN_DOCUMENTATION_COMMENTS = YES;
				CLANG_WARN_EMPTY_BODY = YES;
				CLANG_WARN_ENUM_CONVERSION = YES;
				CLANG_WARN_INFINITE_RECURSION = YES;
				CLANG_WARN_INT_CONVERSION = YES;
				CLANG_WARN_NON_LITERAL_NULL_CONVERSION = YES;
				CLANG_WARN_OBJC_IMPLICIT_RETAIN_SELF = YES;
				CLANG_WARN_OBJC_LITERAL_CONVERSION = YES;
				CLANG_WARN_OBJC_ROOT_CLASS = YES_ERROR;
				CLANG_WARN_QUOTED_INCLUDE_IN_FRAMEWORK_HEADER = YES;
				CLANG_WARN_RANGE_LOOP_ANALYSIS = YES;
				CLANG_WARN_STRICT_PROTOTYPES = YES;
				CLANG_WARN_SUSPICIOUS_MOVE = YES;
				CLANG_WARN_UNGUARDED_AVAILABILITY = YES_AGGRESSIVE;
				CLANG_WARN_UNREACHABLE_CODE = YES;
				CLANG_WARN__DUPLICATE_METHOD_MATCH = YES;
				COPY_PHASE_STRIP = NO;
				DEBUG_INFORMATION_FORMAT = dwarf;
				ENABLE_STRICT_OBJC_MSGSEND = YES;
				ENABLE_TESTABILITY = YES;
				GCC_C_LANGUAGE_STANDARD = gnu11;
				GCC_DYNAMIC_NO_PIC = NO;
				GCC_NO_COMMON_BLOCKS = YES;
				GCC_OPTIMIZATION_LEVEL = 0;
				GCC_PREPROCESSOR_DEFINITIONS = (
					"DEBUG=1",
					"$(inherited)",
				);
				GCC_WARN_64_TO_32_BIT_CONVERSION = YES;
				GCC_WARN_ABOUT_RETURN_TYPE = YES_ERROR;
				GCC_WARN_UNDECLARED_SELECTOR = YES;
				GCC_WARN_UNINITIALIZED_AUTOS = YES_AGGRESSIVE;
				GCC_WARN_UNUSED_FUNCTION = YES;
				GCC_WARN_UNUSED_VARIABLE = YES;
				MTL_ENABLE_DEBUG_INFO = INCLUDE_SOURCE;
				MTL_FAST_MATH = YES;
				ONLY_ACTIVE_ARCH = YES;
				SWIFT_ACTIVE_COMPILATION_CONDITIONS = DEBUG;
				SWIFT_OPTIMIZATION_LEVEL = "-Onone";
			};
			name = Debug;
		};
		23BA251429B25393005E9022 /* Release */ = {
			isa = XCBuildConfiguration;
			buildSettings = {
				ALWAYS_SEARCH_USER_PATHS = NO;
				CLANG_ANALYZER_NONNULL = YES;
				CLANG_ANALYZER_NUMBER_OBJECT_CONVERSION = YES_AGGRESSIVE;
				CLANG_CXX_LANGUAGE_STANDARD = "gnu++20";
				CLANG_ENABLE_MODULES = YES;
				CLANG_ENABLE_OBJC_ARC = YES;
				CLANG_ENABLE_OBJC_WEAK = YES;
				CLANG_WARN_BLOCK_CAPTURE_AUTORELEASING = YES;
				CLANG_WARN_BOOL_CONVERSION = YES;
				CLANG_WARN_COMMA = YES;
				CLANG_WARN_CONSTANT_CONVERSION = YES;
				CLANG_WARN_DEPRECATED_OBJC_IMPLEMENTATIONS = YES;
				CLANG_WARN_DIRECT_OBJC_ISA_USAGE = YES_ERROR;
				CLANG_WARN_DOCUMENTATION_COMMENTS = YES;
				CLANG_WARN_EMPTY_BODY = YES;
				CLANG_WARN_ENUM_CONVERSION = YES;
				CLANG_WARN_INFINITE_RECURSION = YES;
				CLANG_WARN_INT_CONVERSION = YES;
				CLANG_WARN_NON_LITERAL_NULL_CONVERSION = YES;
				CLANG_WARN_OBJC_IMPLICIT_RETAIN_SELF = YES;
				CLANG_WARN_OBJC_LITERAL_CONVERSION = YES;
				CLANG_WARN_OBJC_ROOT_CLASS = YES_ERROR;
				CLANG_WARN_QUOTED_INCLUDE_IN_FRAMEWORK_HEADER = YES;
				CLANG_WARN_RANGE_LOOP_ANALYSIS = YES;
				CLANG_WARN_STRICT_PROTOTYPES = YES;
				CLANG_WARN_SUSPICIOUS_MOVE = YES;
				CLANG_WARN_UNGUARDED_AVAILABILITY = YES_AGGRESSIVE;
				CLANG_WARN_UNREACHABLE_CODE = YES;
				CLANG_WARN__DUPLICATE_METHOD_MATCH = YES;
				COPY_PHASE_STRIP = NO;
				DEBUG_INFORMATION_FORMAT = "dwarf-with-dsym";
				ENABLE_NS_ASSERTIONS = NO;
				ENABLE_STRICT_OBJC_MSGSEND = YES;
				GCC_C_LANGUAGE_STANDARD = gnu11;
				GCC_NO_COMMON_BLOCKS = YES;
				GCC_WARN_64_TO_32_BIT_CONVERSION = YES;
				GCC_WARN_ABOUT_RETURN_TYPE = YES_ERROR;
				GCC_WARN_UNDECLARED_SELECTOR = YES;
				GCC_WARN_UNINITIALIZED_AUTOS = YES_AGGRESSIVE;
				GCC_WARN_UNUSED_FUNCTION = YES;
				GCC_WARN_UNUSED_VARIABLE = YES;
				MTL_ENABLE_DEBUG_INFO = NO;
				MTL_FAST_MATH = YES;
				SWIFT_COMPILATION_MODE = wholemodule;
				SWIFT_OPTIMIZATION_LEVEL = "-O";
			};
			name = Release;
		};
		23BA251629B25393005E9022 /* Debug */ = {
			isa = XCBuildConfiguration;
			buildSettings = {
				ASSETCATALOG_COMPILER_APPICON_NAME = AppIcon;
				ASSETCATALOG_COMPILER_GLOBAL_ACCENT_COLOR_NAME = AccentColor;
				CODE_SIGN_ENTITLEMENTS = DepixenCaseStudy/DepixenCaseStudy.entitlements;
				CODE_SIGN_STYLE = Automatic;
				CURRENT_PROJECT_VERSION = 1;
				DEVELOPMENT_ASSET_PATHS = "\"DepixenCaseStudy/Preview Content\"";
				DEVELOPMENT_TEAM = 62693BZN4B;
				ENABLE_HARDENED_RUNTIME = YES;
				ENABLE_PREVIEWS = YES;
				GENERATE_INFOPLIST_FILE = YES;
				"INFOPLIST_KEY_UIApplicationSceneManifest_Generation[sdk=iphoneos*]" = YES;
				"INFOPLIST_KEY_UIApplicationSceneManifest_Generation[sdk=iphonesimulator*]" = YES;
				"INFOPLIST_KEY_UIApplicationSupportsIndirectInputEvents[sdk=iphoneos*]" = YES;
				"INFOPLIST_KEY_UIApplicationSupportsIndirectInputEvents[sdk=iphonesimulator*]" = YES;
				"INFOPLIST_KEY_UILaunchScreen_Generation[sdk=iphoneos*]" = YES;
				"INFOPLIST_KEY_UILaunchScreen_Generation[sdk=iphonesimulator*]" = YES;
				"INFOPLIST_KEY_UIStatusBarStyle[sdk=iphoneos*]" = UIStatusBarStyleDefault;
				"INFOPLIST_KEY_UIStatusBarStyle[sdk=iphonesimulator*]" = UIStatusBarStyleDefault;
				INFOPLIST_KEY_UISupportedInterfaceOrientations_iPad = "UIInterfaceOrientationPortrait UIInterfaceOrientationPortraitUpsideDown UIInterfaceOrientationLandscapeLeft UIInterfaceOrientationLandscapeRight";
				INFOPLIST_KEY_UISupportedInterfaceOrientations_iPhone = "UIInterfaceOrientationPortrait UIInterfaceOrientationLandscapeLeft UIInterfaceOrientationLandscapeRight";
				IPHONEOS_DEPLOYMENT_TARGET = 16.1;
				LD_RUNPATH_SEARCH_PATHS = "@executable_path/Frameworks";
				"LD_RUNPATH_SEARCH_PATHS[sdk=macosx*]" = "@executable_path/../Frameworks";
				MACOSX_DEPLOYMENT_TARGET = 13.0;
				MARKETING_VERSION = 1.0;
				PRODUCT_BUNDLE_IDENTIFIER = berkaydisli.DepixenCaseStudy;
				PRODUCT_NAME = "$(TARGET_NAME)";
				SDKROOT = auto;
				SUPPORTED_PLATFORMS = "iphoneos iphonesimulator";
				SUPPORTS_MACCATALYST = NO;
				SUPPORTS_MAC_DESIGNED_FOR_IPHONE_IPAD = NO;
				SWIFT_EMIT_LOC_STRINGS = YES;
				SWIFT_VERSION = 5.0;
				TARGETED_DEVICE_FAMILY = "1,2";
			};
			name = Debug;
		};
		23BA251729B25393005E9022 /* Release */ = {
			isa = XCBuildConfiguration;
			buildSettings = {
				ASSETCATALOG_COMPILER_APPICON_NAME = AppIcon;
				ASSETCATALOG_COMPILER_GLOBAL_ACCENT_COLOR_NAME = AccentColor;
				CODE_SIGN_ENTITLEMENTS = DepixenCaseStudy/DepixenCaseStudy.entitlements;
				CODE_SIGN_STYLE = Automatic;
				CURRENT_PROJECT_VERSION = 1;
				DEVELOPMENT_ASSET_PATHS = "\"DepixenCaseStudy/Preview Content\"";
				DEVELOPMENT_TEAM = 62693BZN4B;
				ENABLE_HARDENED_RUNTIME = YES;
				ENABLE_PREVIEWS = YES;
				GENERATE_INFOPLIST_FILE = YES;
				"INFOPLIST_KEY_UIApplicationSceneManifest_Generation[sdk=iphoneos*]" = YES;
				"INFOPLIST_KEY_UIApplicationSceneManifest_Generation[sdk=iphonesimulator*]" = YES;
				"INFOPLIST_KEY_UIApplicationSupportsIndirectInputEvents[sdk=iphoneos*]" = YES;
				"INFOPLIST_KEY_UIApplicationSupportsIndirectInputEvents[sdk=iphonesimulator*]" = YES;
				"INFOPLIST_KEY_UILaunchScreen_Generation[sdk=iphoneos*]" = YES;
				"INFOPLIST_KEY_UILaunchScreen_Generation[sdk=iphonesimulator*]" = YES;
				"INFOPLIST_KEY_UIStatusBarStyle[sdk=iphoneos*]" = UIStatusBarStyleDefault;
				"INFOPLIST_KEY_UIStatusBarStyle[sdk=iphonesimulator*]" = UIStatusBarStyleDefault;
				INFOPLIST_KEY_UISupportedInterfaceOrientations_iPad = "UIInterfaceOrientationPortrait UIInterfaceOrientationPortraitUpsideDown UIInterfaceOrientationLandscapeLeft UIInterfaceOrientationLandscapeRight";
				INFOPLIST_KEY_UISupportedInterfaceOrientations_iPhone = "UIInterfaceOrientationPortrait UIInterfaceOrientationLandscapeLeft UIInterfaceOrientationLandscapeRight";
				IPHONEOS_DEPLOYMENT_TARGET = 16.1;
				LD_RUNPATH_SEARCH_PATHS = "@executable_path/Frameworks";
				"LD_RUNPATH_SEARCH_PATHS[sdk=macosx*]" = "@executable_path/../Frameworks";
				MACOSX_DEPLOYMENT_TARGET = 13.0;
				MARKETING_VERSION = 1.0;
				PRODUCT_BUNDLE_IDENTIFIER = berkaydisli.DepixenCaseStudy;
				PRODUCT_NAME = "$(TARGET_NAME)";
				SDKROOT = auto;
				SUPPORTED_PLATFORMS = "iphoneos iphonesimulator";
				SUPPORTS_MACCATALYST = NO;
				SUPPORTS_MAC_DESIGNED_FOR_IPHONE_IPAD = NO;
				SWIFT_EMIT_LOC_STRINGS = YES;
				SWIFT_VERSION = 5.0;
				TARGETED_DEVICE_FAMILY = "1,2";
			};
			name = Release;
		};
/* End XCBuildConfiguration section */

/* Begin XCConfigurationList section */
		23BA250129B25392005E9022 /* Build configuration list for PBXProject "DepixenCaseStudy" */ = {
			isa = XCConfigurationList;
			buildConfigurations = (
				23BA251329B25393005E9022 /* Debug */,
				23BA251429B25393005E9022 /* Release */,
			);
			defaultConfigurationIsVisible = 0;
			defaultConfigurationName = Release;
		};
		23BA251529B25393005E9022 /* Build configuration list for PBXNativeTarget "DepixenCaseStudy" */ = {
			isa = XCConfigurationList;
			buildConfigurations = (
				23BA251629B25393005E9022 /* Debug */,
				23BA251729B25393005E9022 /* Release */,
			);
			defaultConfigurationIsVisible = 0;
			defaultConfigurationName = Release;
		};
/* End XCConfigurationList section */

/* Begin XCRemoteSwiftPackageReference section */
		236D243D29B5E05C000E06B4 /* XCRemoteSwiftPackageReference "Kingfisher" */ = {
			isa = XCRemoteSwiftPackageReference;
			repositoryURL = "https://github.com/onevcat/Kingfisher";
			requirement = {
				kind = upToNextMajorVersion;
				minimumVersion = 7.0.0;
			};
		};
		239D0BF929B4D362000017E0 /* XCRemoteSwiftPackageReference "firebase-ios-sdk" */ = {
			isa = XCRemoteSwiftPackageReference;
			repositoryURL = "https://github.com/firebase/firebase-ios-sdk.git";
			requirement = {
				branch = master;
				kind = branch;
			};
		};
/* End XCRemoteSwiftPackageReference section */

/* Begin XCSwiftPackageProductDependency section */
		236D243E29B5E05C000E06B4 /* Kingfisher */ = {
			isa = XCSwiftPackageProductDependency;
			package = 236D243D29B5E05C000E06B4 /* XCRemoteSwiftPackageReference "Kingfisher" */;
			productName = Kingfisher;
		};
		239D0BFA29B4D362000017E0 /* FirebaseAuth */ = {
			isa = XCSwiftPackageProductDependency;
			package = 239D0BF929B4D362000017E0 /* XCRemoteSwiftPackageReference "firebase-ios-sdk" */;
			productName = FirebaseAuth;
		};
		239D0BFC29B4D362000017E0 /* FirebaseFirestore */ = {
			isa = XCSwiftPackageProductDependency;
			package = 239D0BF929B4D362000017E0 /* XCRemoteSwiftPackageReference "firebase-ios-sdk" */;
			productName = FirebaseFirestore;
		};
		239D0BFE29B4D362000017E0 /* FirebaseStorage */ = {
			isa = XCSwiftPackageProductDependency;
			package = 239D0BF929B4D362000017E0 /* XCRemoteSwiftPackageReference "firebase-ios-sdk" */;
			productName = FirebaseStorage;
		};
/* End XCSwiftPackageProductDependency section */
	};
	rootObject = 23BA24FE29B25392005E9022 /* Project object */;
}
